
Microsoft Visual Studio Solution File, Format Version 12.00
# Visual Studio Version 16
VisualStudioVersion = 16.0.31025.194
MinimumVisualStudioVersion = 10.0.40219.1
Project("{FAE04EC0-301F-11D3-BF4B-00C04F79EFBC}") = "SalesWebMvc", "SalesWebMvc\SalesWebMvc.csproj", "{63B7AB60-E11F-48C4-8A91-D481073384CE}"
EndProject
Global
	GlobalSection(SolutionConfigurationPlatforms) = preSolution
		Debug|Any CPU = Debug|Any CPU
		Release|Any CPU = Release|Any CPU
	EndGlobalSection
	GlobalSection(ProjectConfigurationPlatforms) = postSolution
		{63B7AB60-E11F-48C4-8A91-D481073384CE}.Debug|Any CPU.ActiveCfg = Debug|Any CPU
		{63B7AB60-E11F-48C4-8A91-D481073384CE}.Debug|Any CPU.Build.0 = Debug|Any CPU
		{63B7AB60-E11F-48C4-8A91-D481073384CE}.Release|Any CPU.ActiveCfg = Release|Any CPU
		{63B7AB60-E11F-48C4-8A91-D481073384CE}.Release|Any CPU.Build.0 = Release|Any CPU
	EndGlobalSection
	GlobalSection(SolutionProperties) = preSolution
		HideSolutionNode = FALSE
	EndGlobalSection
	GlobalSection(ExtensibilityGlobals) = postSolution
		SolutionGuid = {8EAAA307-AF31-41AC-9EF8-7D7511426F99}
	EndGlobalSection
EndGlobal
